PODS:
  - AmazonIVSBroadcast/Stages (1.10.0)
  - AmazonIVSChat (1.0.0):
    - AmazonIVSChat/Messaging (= 1.0.0)
  - AmazonIVSChat/Messaging (1.0.0)

DEPENDENCIES:
  - AmazonIVSBroadcast/Stages (~> 1.10.0)
  - AmazonIVSChat (~> 1.0.0)

SPEC REPOS:
  trunk:
    - AmazonIVSBroadcast
    - AmazonIVSChat

SPEC CHECKSUMS:
  AmazonIVSBroadcast: f9f1de5c3f8470404b5489cee50bbd6e9dc19ee1
  AmazonIVSChat: 62d4e654c4b16b7e62d43048a0e548efd145f183

PODFILE CHECKSUM: 15cf25055a1f83a2c0374a8ba5057b9b9241efe7

COCOAPODS: 1.12.0
