PODS:
  - AmazonIVSBroadcast/Stages (1.12.0)
  - AmazonIVSChat (1.0.0):
    - AmazonIVSChat/Messaging (= 1.0.0)
  - AmazonIVSChat/Messaging (1.0.0)

DEPENDENCIES:
  - AmazonIVSBroadcast/Stages (~> 1.12.0)
  - AmazonIVSChat (~> 1.0.0)

SPEC REPOS:
  trunk:
    - AmazonIVSBroadcast
    - AmazonIVSChat

SPEC CHECKSUMS:
  AmazonIVSBroadcast: ce4f06bc39c6784c2821ea24ec521712a4a39554
  AmazonIVSChat: 62d4e654c4b16b7e62d43048a0e548efd145f183

PODFILE CHECKSUM: e42eb19fa5f901d79cfdee883f31fef86c6e39ce

COCOAPODS: 1.12.0
